// !$*UTF8*$!
{
	archiveVersion = 1;
	classes = {
	};
	objectVersion = 55;
	objects = {

/* Begin PBXBuildFile section */
		00220BE127A9611900503EAD /* ProductConstants.swift in Sources */ = {isa = PBXBuildFile; fileRef = 00220BE027A9611900503EAD /* ProductConstants.swift */; };
		00B21FA227A7F14A00869A4A /* EdvoraTestApp.swift in Sources */ = {isa = PBXBuildFile; fileRef = 00B21FA127A7F14A00869A4A /* EdvoraTestApp.swift */; };
		00B21FA427A7F14A00869A4A /* ProductView.swift in Sources */ = {isa = PBXBuildFile; fileRef = 00B21FA327A7F14A00869A4A /* ProductView.swift */; };
		00B21FA627A7F14C00869A4A /* Assets.xcassets in Resources */ = {isa = PBXBuildFile; fileRef = 00B21FA527A7F14C00869A4A /* Assets.xcassets */; };
		00B21FA927A7F14C00869A4A /* Preview Assets.xcassets in Resources */ = {isa = PBXBuildFile; fileRef = 00B21FA827A7F14C00869A4A /* Preview Assets.xcassets */; };
		00B21FBA27A7F6C200869A4A /* ProductCardView.swift in Sources */ = {isa = PBXBuildFile; fileRef = 00B21FB927A7F6C200869A4A /* ProductCardView.swift */; };
		00CF14C627A848B000C864BD /* CustomDivider.swift in Sources */ = {isa = PBXBuildFile; fileRef = 00CF14C527A848B000C864BD /* CustomDivider.swift */; };
		00CF14C827A84E3A00C864BD /* ProductVM.swift in Sources */ = {isa = PBXBuildFile; fileRef = 00CF14C727A84E3A00C864BD /* ProductVM.swift */; };
		00CF14CA27A84EB800C864BD /* ProductListModel.swift in Sources */ = {isa = PBXBuildFile; fileRef = 00CF14C927A84EB800C864BD /* ProductListModel.swift */; };
/* End PBXBuildFile section */

/* Begin PBXFileReference section */
		00220BE027A9611900503EAD /* ProductConstants.swift */ = {isa = PBXFileReference; lastKnownFileType = sourcecode.swift; path = ProductConstants.swift; sourceTree = "<group>"; };
		00B21F9E27A7F14A00869A4A /* EdvoraTest.app */ = {isa = PBXFileReference; explicitFileType = wrapper.application; includeInIndex = 0; path = EdvoraTest.app; sourceTree = BUILT_PRODUCTS_DIR; };
		00B21FA127A7F14A00869A4A /* EdvoraTestApp.swift */ = {isa = PBXFileReference; lastKnownFileType = sourcecode.swift; path = EdvoraTestApp.swift; sourceTree = "<group>"; };
		00B21FA327A7F14A00869A4A /* ProductView.swift */ = {isa = PBXFileReference; lastKnownFileType = sourcecode.swift; path = ProductView.swift; sourceTree = "<group>"; };
		00B21FA527A7F14C00869A4A /* Assets.xcassets */ = {isa = PBXFileReference; lastKnownFileType = folder.assetcatalog; path = Assets.xcassets; sourceTree = "<group>"; };
		00B21FA827A7F14C00869A4A /* Preview Assets.xcassets */ = {isa = PBXFileReference; lastKnownFileType = folder.assetcatalog; path = "Preview Assets.xcassets"; sourceTree = "<group>"; };
		00B21FB927A7F6C200869A4A /* ProductCardView.swift */ = {isa = PBXFileReference; lastKnownFileType = sourcecode.swift; path = ProductCardView.swift; sourceTree = "<group>"; };
		00CF14C527A848B000C864BD /* CustomDivider.swift */ = {isa = PBXFileReference; lastKnownFileType = sourcecode.swift; path = CustomDivider.swift; sourceTree = "<group>"; };
		00CF14C727A84E3A00C864BD /* ProductVM.swift */ = {isa = PBXFileReference; lastKnownFileType = sourcecode.swift; path = ProductVM.swift; sourceTree = "<group>"; };
		00CF14C927A84EB800C864BD /* ProductListModel.swift */ = {isa = PBXFileReference; lastKnownFileType = sourcecode.swift; path = ProductListModel.swift; sourceTree = "<group>"; };
/* End PBXFileReference section */

/* Begin PBXFrameworksBuildPhase section */
		00B21F9B27A7F14A00869A4A /* Frameworks */ = {
			isa = PBXFrameworksBuildPhase;
			buildActionMask = 2147483647;
			files = (
			);
			runOnlyForDeploymentPostprocessing = 0;
		};
/* End PBXFrameworksBuildPhase section */

/* Begin PBXGroup section */
		00B21F9527A7F14A00869A4A = {
			isa = PBXGroup;
			children = (
				00B21FA027A7F14A00869A4A /* EdvoraTest */,
				00B21F9F27A7F14A00869A4A /* Products */,
			);
			sourceTree = "<group>";
		};
		00B21F9F27A7F14A00869A4A /* Products */ = {
			isa = PBXGroup;
			children = (
				00B21F9E27A7F14A00869A4A /* EdvoraTest.app */,
			);
			name = Products;
			sourceTree = "<group>";
		};
		00B21FA027A7F14A00869A4A /* EdvoraTest */ = {
			isa = PBXGroup;
			children = (
				00B21FB827A7F38C00869A4A /* Resources */,
				00B21FB727A7F37800869A4A /* Services */,
				00B21FB627A7F34A00869A4A /* Repositories */,
				00B21FB527A7F33900869A4A /* Interactors */,
				00B21FB227A7F31300869A4A /* UI */,
				00B21FB127A7F2F100869A4A /* Constants */,
				00B21FAF27A7F2B800869A4A /* Model */,
				00B21FA127A7F14A00869A4A /* EdvoraTestApp.swift */,
				00B21FA727A7F14C00869A4A /* Preview Content */,
			);
			path = EdvoraTest;
			sourceTree = "<group>";
		};
		00B21FA727A7F14C00869A4A /* Preview Content */ = {
			isa = PBXGroup;
			children = (
				00B21FA827A7F14C00869A4A /* Preview Assets.xcassets */,
			);
			path = "Preview Content";
			sourceTree = "<group>";
		};
		00B21FAF27A7F2B800869A4A /* Model */ = {
			isa = PBXGroup;
			children = (
				00CF14C927A84EB800C864BD /* ProductListModel.swift */,
			);
			path = Model;
			sourceTree = "<group>";
		};
		00B21FB127A7F2F100869A4A /* Constants */ = {
			isa = PBXGroup;
			children = (
				00220BE027A9611900503EAD /* ProductConstants.swift */,
			);
			path = Constants;
			sourceTree = "<group>";
		};
		00B21FB227A7F31300869A4A /* UI */ = {
			isa = PBXGroup;
			children = (
				00B21FB427A7F32A00869A4A /* Screens */,
				00B21FB327A7F32000869A4A /* Components */,
			);
			path = UI;
			sourceTree = "<group>";
		};
		00B21FB327A7F32000869A4A /* Components */ = {
			isa = PBXGroup;
			children = (
				00B21FB927A7F6C200869A4A /* ProductCardView.swift */,
				00CF14C527A848B000C864BD /* CustomDivider.swift */,
			);
			path = Components;
			sourceTree = "<group>";
		};
		00B21FB427A7F32A00869A4A /* Screens */ = {
			isa = PBXGroup;
			children = (
				00B21FA327A7F14A00869A4A /* ProductView.swift */,
			);
			path = Screens;
			sourceTree = "<group>";
		};
		00B21FB527A7F33900869A4A /* Interactors */ = {
			isa = PBXGroup;
			children = (
				00CF14C727A84E3A00C864BD /* ProductVM.swift */,
			);
			path = Interactors;
			sourceTree = "<group>";
		};
		00B21FB627A7F34A00869A4A /* Repositories */ = {
			isa = PBXGroup;
			children = (
			);
			path = Repositories;
			sourceTree = "<group>";
		};
		00B21FB727A7F37800869A4A /* Services */ = {
			isa = PBXGroup;
			children = (
			);
			path = Services;
			sourceTree = "<group>";
		};
		00B21FB827A7F38C00869A4A /* Resources */ = {
			isa = PBXGroup;
			children = (
				00B21FA527A7F14C00869A4A /* Assets.xcassets */,
			);
			path = Resources;
			sourceTree = "<group>";
		};
/* End PBXGroup section */

/* Begin PBXNativeTarget section */
		00B21F9D27A7F14A00869A4A /* EdvoraTest */ = {
			isa = PBXNativeTarget;
			buildConfigurationList = 00B21FAC27A7F14C00869A4A /* Build configuration list for PBXNativeTarget "EdvoraTest" */;
			buildPhases = (
				00B21F9A27A7F14A00869A4A /* Sources */,
				00B21F9B27A7F14A00869A4A /* Frameworks */,
				00B21F9C27A7F14A00869A4A /* Resources */,
			);
			buildRules = (
			);
			dependencies = (
			);
			name = EdvoraTest;
			productName = EdvoraTest;
			productReference = 00B21F9E27A7F14A00869A4A /* EdvoraTest.app */;
			productType = "com.apple.product-type.application";
		};
/* End PBXNativeTarget section */

/* Begin PBXProject section */
		00B21F9627A7F14A00869A4A /* Project object */ = {
			isa = PBXProject;
			attributes = {
				BuildIndependentTargetsInParallel = 1;
				LastSwiftUpdateCheck = 1310;
				LastUpgradeCheck = 1310;
				TargetAttributes = {
					00B21F9D27A7F14A00869A4A = {
						CreatedOnToolsVersion = 13.1;
					};
				};
			};
			buildConfigurationList = 00B21F9927A7F14A00869A4A /* Build configuration list for PBXProject "EdvoraTest" */;
			compatibilityVersion = "Xcode 13.0";
			developmentRegion = en;
			hasScannedForEncodings = 0;
			knownRegions = (
				en,
				Base,
			);
			mainGroup = 00B21F9527A7F14A00869A4A;
			productRefGroup = 00B21F9F27A7F14A00869A4A /* Products */;
			projectDirPath = "";
			projectRoot = "";
			targets = (
				00B21F9D27A7F14A00869A4A /* EdvoraTest */,
			);
		};
/* End PBXProject section */

/* Begin PBXResourcesBuildPhase section */
		00B21F9C27A7F14A00869A4A /* Resources */ = {
			isa = PBXResourcesBuildPhase;
			buildActionMask = 2147483647;
			files = (
				00B21FA927A7F14C00869A4A /* Preview Assets.xcassets in Resources */,
				00B21FA627A7F14C00869A4A /* Assets.xcassets in Resources */,
			);
			runOnlyForDeploymentPostprocessing = 0;
		};
/* End PBXResourcesBuildPhase section */

/* Begin PBXSourcesBuildPhase section */
		00B21F9A27A7F14A00869A4A /* Sources */ = {
			isa = PBXSourcesBuildPhase;
			buildActionMask = 2147483647;
			files = (
				00CF14C827A84E3A00C864BD /* ProductVM.swift in Sources */,
				00CF14C627A848B000C864BD /* CustomDivider.swift in Sources */,
				00220BE127A9611900503EAD /* ProductConstants.swift in Sources */,
				00B21FBA27A7F6C200869A4A /* ProductCardView.swift in Sources */,
				00CF14CA27A84EB800C864BD /* ProductListModel.swift in Sources */,
				00B21FA427A7F14A00869A4A /* ProductView.swift in Sources */,
				00B21FA227A7F14A00869A4A /* EdvoraTestApp.swift in Sources */,
			);
			runOnlyForDeploymentPostprocessing = 0;
		};
/* End PBXSourcesBuildPhase section */

/* Begin XCBuildConfiguration section */
		00B21FAA27A7F14C00869A4A /* Debug */ = {
			isa = XCBuildConfiguration;
			buildSettings = {
				ALWAYS_SEARCH_USER_PATHS = NO;
				CLANG_ANALYZER_NONNULL = YES;
				CLANG_ANALYZER_NUMBER_OBJECT_CONVERSION = YES_AGGRESSIVE;
				CLANG_CXX_LANGUAGE_STANDARD = "gnu++17";
				CLANG_CXX_LIBRARY = "libc++";
				CLANG_ENABLE_MODULES = YES;
				CLANG_ENABLE_OBJC_ARC = YES;
				CLANG_ENABLE_OBJC_WEAK = YES;
				CLANG_WARN_BLOCK_CAPTURE_AUTORELEASING = YES;
				CLANG_WARN_BOOL_CONVERSION = YES;
				CLANG_WARN_COMMA = YES;
				CLANG_WARN_CONSTANT_CONVERSION = YES;
				CLANG_WARN_DEPRECATED_OBJC_IMPLEMENTATIONS = YES;
				CLANG_WARN_DIRECT_OBJC_ISA_USAGE = YES_ERROR;
				CLANG_WARN_DOCUMENTATION_COMMENTS = YES;
				CLANG_WARN_EMPTY_BODY = YES;
				CLANG_WARN_ENUM_CONVERSION = YES;
				CLANG_WARN_INFINITE_RECURSION = YES;
				CLANG_WARN_INT_CONVERSION = YES;
				CLANG_WARN_NON_LITERAL_NULL_CONVERSION = YES;
				CLANG_WARN_OBJC_IMPLICIT_RETAIN_SELF = YES;
				CLANG_WARN_OBJC_LITERAL_CONVERSION = YES;
				CLANG_WARN_OBJC_ROOT_CLASS = YES_ERROR;
				CLANG_WARN_QUOTED_INCLUDE_IN_FRAMEWORK_HEADER = YES;
				CLANG_WARN_RANGE_LOOP_ANALYSIS = YES;
				CLANG_WARN_STRICT_PROTOTYPES = YES;
				CLANG_WARN_SUSPICIOUS_MOVE = YES;
				CLANG_WARN_UNGUARDED_AVAILABILITY = YES_AGGRESSIVE;
				CLANG_WARN_UNREACHABLE_CODE = YES;
				CLANG_WARN__DUPLICATE_METHOD_MATCH = YES;
				COPY_PHASE_STRIP = NO;
				DEBUG_INFORMATION_FORMAT = dwarf;
				ENABLE_STRICT_OBJC_MSGSEND = YES;
				ENABLE_TESTABILITY = YES;
				GCC_C_LANGUAGE_STANDARD = gnu11;
				GCC_DYNAMIC_NO_PIC = NO;
				GCC_NO_COMMON_BLOCKS = YES;
				GCC_OPTIMIZATION_LEVEL = 0;
				GCC_PREPROCESSOR_DEFINITIONS = (
					"DEBUG=1",
					"$(inherited)",
				);
				GCC_WARN_64_TO_32_BIT_CONVERSION = YES;
				GCC_WARN_ABOUT_RETURN_TYPE = YES_ERROR;
				GCC_WARN_UNDECLARED_SELECTOR = YES;
				GCC_WARN_UNINITIALIZED_AUTOS = YES_AGGRESSIVE;
				GCC_WARN_UNUSED_FUNCTION = YES;
				GCC_WARN_UNUSED_VARIABLE = YES;
				IPHONEOS_DEPLOYMENT_TARGET = 15.0;
				MTL_ENABLE_DEBUG_INFO = INCLUDE_SOURCE;
				MTL_FAST_MATH = YES;
				ONLY_ACTIVE_ARCH = YES;
				SDKROOT = iphoneos;
				SWIFT_ACTIVE_COMPILATION_CONDITIONS = DEBUG;
				SWIFT_OPTIMIZATION_LEVEL = "-Onone";
			};
			name = Debug;
		};
		00B21FAB27A7F14C00869A4A /* Release */ = {
			isa = XCBuildConfiguration;
			buildSettings = {
				ALWAYS_SEARCH_USER_PATHS = NO;
				CLANG_ANALYZER_NONNULL = YES;
				CLANG_ANALYZER_NUMBER_OBJECT_CONVERSION = YES_AGGRESSIVE;
				CLANG_CXX_LANGUAGE_STANDARD = "gnu++17";
				CLANG_CXX_LIBRARY = "libc++";
				CLANG_ENABLE_MODULES = YES;
				CLANG_ENABLE_OBJC_ARC = YES;
				CLANG_ENABLE_OBJC_WEAK = YES;
				CLANG_WARN_BLOCK_CAPTURE_AUTORELEASING = YES;
				CLANG_WARN_BOOL_CONVERSION = YES;
				CLANG_WARN_COMMA = YES;
				CLANG_WARN_CONSTANT_CONVERSION = YES;
				CLANG_WARN_DEPRECATED_OBJC_IMPLEMENTATIONS = YES;
				CLANG_WARN_DIRECT_OBJC_ISA_USAGE = YES_ERROR;
				CLANG_WARN_DOCUMENTATION_COMMENTS = YES;
				CLANG_WARN_EMPTY_BODY = YES;
				CLANG_WARN_ENUM_CONVERSION = YES;
				CLANG_WARN_INFINITE_RECURSION = YES;
				CLANG_WARN_INT_CONVERSION = YES;
				CLANG_WARN_NON_LITERAL_NULL_CONVERSION = YES;
				CLANG_WARN_OBJC_IMPLICIT_RETAIN_SELF = YES;
				CLANG_WARN_OBJC_LITERAL_CONVERSION = YES;
				CLANG_WARN_OBJC_ROOT_CLASS = YES_ERROR;
				CLANG_WARN_QUOTED_INCLUDE_IN_FRAMEWORK_HEADER = YES;
				CLANG_WARN_RANGE_LOOP_ANALYSIS = YES;
				CLANG_WARN_STRICT_PROTOTYPES = YES;
				CLANG_WARN_SUSPICIOUS_MOVE = YES;
				CLANG_WARN_UNGUARDED_AVAILABILITY = YES_AGGRESSIVE;
				CLANG_WARN_UNREACHABLE_CODE = YES;
				CLANG_WARN__DUPLICATE_METHOD_MATCH = YES;
				COPY_PHASE_STRIP = NO;
				DEBUG_INFORMATION_FORMAT = "dwarf-with-dsym";
				ENABLE_NS_ASSERTIONS = NO;
				ENABLE_STRICT_OBJC_MSGSEND = YES;
				GCC_C_LANGUAGE_STANDARD = gnu11;
				GCC_NO_COMMON_BLOCKS = YES;
				GCC_WARN_64_TO_32_BIT_CONVERSION = YES;
				GCC_WARN_ABOUT_RETURN_TYPE = YES_ERROR;
				GCC_WARN_UNDECLARED_SELECTOR = YES;
				GCC_WARN_UNINITIALIZED_AUTOS = YES_AGGRESSIVE;
				GCC_WARN_UNUSED_FUNCTION = YES;
				GCC_WARN_UNUSED_VARIABLE = YES;
				IPHONEOS_DEPLOYMENT_TARGET = 15.0;
				MTL_ENABLE_DEBUG_INFO = NO;
				MTL_FAST_MATH = YES;
				SDKROOT = iphoneos;
				SWIFT_COMPILATION_MODE = wholemodule;
				SWIFT_OPTIMIZATION_LEVEL = "-O";
				VALIDATE_PRODUCT = YES;
			};
			name = Release;
		};
		00B21FAD27A7F14C00869A4A /* Debug */ = {
			isa = XCBuildConfiguration;
			buildSettings = {
				ASSETCATALOG_COMPILER_APPICON_NAME = AppIcon;
				ASSETCATALOG_COMPILER_GLOBAL_ACCENT_COLOR_NAME = AccentColor;
				CODE_SIGN_STYLE = Automatic;
				CURRENT_PROJECT_VERSION = 1;
				DEVELOPMENT_ASSET_PATHS = "\"EdvoraTest/Preview Content\"";
				DEVELOPMENT_TEAM = 86U3LK3Z76;
				ENABLE_PREVIEWS = YES;
				GENERATE_INFOPLIST_FILE = YES;
				INFOPLIST_KEY_UIApplicationSceneManifest_Generation = YES;
				INFOPLIST_KEY_UIApplicationSupportsIndirectInputEvents = YES;
				INFOPLIST_KEY_UILaunchScreen_Generation = YES;
				INFOPLIST_KEY_UISupportedInterfaceOrientations_iPad = "UIInterfaceOrientationPortrait UIInterfaceOrientationPortraitUpsideDown UIInterfaceOrientationLandscapeLeft UIInterfaceOrientationLandscapeRight";
				INFOPLIST_KEY_UISupportedInterfaceOrientations_iPhone = "UIInterfaceOrientationPortrait UIInterfaceOrientationLandscapeLeft UIInterfaceOrientationLandscapeRight";
				LD_RUNPATH_SEARCH_PATHS = (
					"$(inherited)",
					"@executable_path/Frameworks",
				);
				MARKETING_VERSION = 1.0;
				PRODUCT_BUNDLE_IDENTIFIER = com.sergioShaon.EdvoraTest;
				PRODUCT_NAME = "$(TARGET_NAME)";
				SWIFT_EMIT_LOC_STRINGS = YES;
				SWIFT_VERSION = 5.0;
				TARGETED_DEVICE_FAMILY = "1,2";
			};
			name = Debug;
		};
		00B21FAE27A7F14C00869A4A /* Release */ = {
			isa = XCBuildConfiguration;
			buildSettings = {
				ASSETCATALOG_COMPILER_APPICON_NAME = AppIcon;
				ASSETCATALOG_COMPILER_GLOBAL_ACCENT_COLOR_NAME = AccentColor;
				CODE_SIGN_STYLE = Automatic;
				CURRENT_PROJECT_VERSION = 1;
				DEVELOPMENT_ASSET_PATHS = "\"EdvoraTest/Preview Content\"";
				DEVELOPMENT_TEAM = 86U3LK3Z76;
				ENABLE_PREVIEWS = YES;
				GENERATE_INFOPLIST_FILE = YES;
				INFOPLIST_KEY_UIApplicationSceneManifest_Generation = YES;
				INFOPLIST_KEY_UIApplicationSupportsIndirectInputEvents = YES;
				INFOPLIST_KEY_UILaunchScreen_Generation = YES;
				INFOPLIST_KEY_UISupportedInterfaceOrientations_iPad = "UIInterfaceOrientationPortrait UIInterfaceOrientationPortraitUpsideDown UIInterfaceOrientationLandscapeLeft UIInterfaceOrientationLandscapeRight";
				INFOPLIST_KEY_UISupportedInterfaceOrientations_iPhone = "UIInterfaceOrientationPortrait UIInterfaceOrientationLandscapeLeft UIInterfaceOrientationLandscapeRight";
				LD_RUNPATH_SEARCH_PATHS = (
					"$(inherited)",
					"@executable_path/Frameworks",
				);
				MARKETING_VERSION = 1.0;
				PRODUCT_BUNDLE_IDENTIFIER = com.sergioShaon.EdvoraTest;
				PRODUCT_NAME = "$(TARGET_NAME)";
				SWIFT_EMIT_LOC_STRINGS = YES;
				SWIFT_VERSION = 5.0;
				TARGETED_DEVICE_FAMILY = "1,2";
			};
			name = Release;
		};
/* End XCBuildConfiguration section */

/* Begin XCConfigurationList section */
		00B21F9927A7F14A00869A4A /* Build configuration list for PBXProject "EdvoraTest" */ = {
			isa = XCConfigurationList;
			buildConfigurations = (
				00B21FAA27A7F14C00869A4A /* Debug */,
				00B21FAB27A7F14C00869A4A /* Release */,
			);
			defaultConfigurationIsVisible = 0;
			defaultConfigurationName = Release;
		};
		00B21FAC27A7F14C00869A4A /* Build configuration list for PBXNativeTarget "EdvoraTest" */ = {
			isa = XCConfigurationList;
			buildConfigurations = (
				00B21FAD27A7F14C00869A4A /* Debug */,
				00B21FAE27A7F14C00869A4A /* Release */,
			);
			defaultConfigurationIsVisible = 0;
			defaultConfigurationName = Release;
		};
/* End XCConfigurationList section */
	};
	rootObject = 00B21F9627A7F14A00869A4A /* Project object */;
}
